PODS:
  - umbrella_ios (0.0.1)

DEPENDENCIES:
  - umbrella_ios (from `../common/umbrella-ios`)

EXTERNAL SOURCES:
  umbrella_ios:
    :path: "../common/umbrella-ios"

SPEC CHECKSUMS:
  umbrella_ios: 7206d30da933f372e949155bd272e2effc9b55d8

PODFILE CHECKSUM: 31f5bae033e590f50c091d6ebe8556deab37b7e3

COCOAPODS: 1.11.3
